
Microsoft Visual Studio Solution File, Format Version 12.00
# Visual Studio Version 16
VisualStudioVersion = 16.0.31205.134
MinimumVisualStudioVersion = 10.0.40219.1
Project("{2150E333-8FDC-42A3-9474-1A3956D46DE8}") = "STS", "STS", "{B6AA26D8-EBF9-48FD-BCB1-A370DD962B68}"
EndProject
Project("{2150E333-8FDC-42A3-9474-1A3956D46DE8}") = "Clients", "Clients", "{B99C68AB-9FEF-4D03-957B-B0F7C7D9E2CC}"
EndProject
Project("{2150E333-8FDC-42A3-9474-1A3956D46DE8}") = "Resource Servers", "Resource Servers", "{CA37D1FE-C447-4A38-B160-03AA1E581278}"
EndProject
Project("{9A19103F-16F7-4668-BE54-9A1E7A4F7556}") = "STS", "STS\STS.csproj", "{68014843-8E9A-48ED-855B-EB41894D58BF}"
EndProject
Project("{9A19103F-16F7-4668-BE54-9A1E7A4F7556}") = "Diaries", "ResourceServers\Diaries\Diaries.csproj", "{FA3D14FE-B98F-42F9-8F35-D1943ACEA7B2}"
EndProject
Project("{FAE04EC0-301F-11D3-BF4B-00C04F79EFBC}") = "TodoApp", "Clients\TodoApp\TodoApp.csproj", "{CA86BEF5-B8CF-476D-BE94-842E69AFD35A}"
EndProject
Global
	GlobalSection(SolutionConfigurationPlatforms) = preSolution
		Debug|Any CPU = Debug|Any CPU
		Release|Any CPU = Release|Any CPU
	EndGlobalSection
	GlobalSection(ProjectConfigurationPlatforms) = postSolution
		{68014843-8E9A-48ED-855B-EB41894D58BF}.Debug|Any CPU.ActiveCfg = Debug|Any CPU
		{68014843-8E9A-48ED-855B-EB41894D58BF}.Debug|Any CPU.Build.0 = Debug|Any CPU
		{68014843-8E9A-48ED-855B-EB41894D58BF}.Release|Any CPU.ActiveCfg = Release|Any CPU
		{68014843-8E9A-48ED-855B-EB41894D58BF}.Release|Any CPU.Build.0 = Release|Any CPU
		{FA3D14FE-B98F-42F9-8F35-D1943ACEA7B2}.Debug|Any CPU.ActiveCfg = Debug|Any CPU
		{FA3D14FE-B98F-42F9-8F35-D1943ACEA7B2}.Debug|Any CPU.Build.0 = Debug|Any CPU
		{FA3D14FE-B98F-42F9-8F35-D1943ACEA7B2}.Release|Any CPU.ActiveCfg = Release|Any CPU
		{FA3D14FE-B98F-42F9-8F35-D1943ACEA7B2}.Release|Any CPU.Build.0 = Release|Any CPU
		{CA86BEF5-B8CF-476D-BE94-842E69AFD35A}.Debug|Any CPU.ActiveCfg = Debug|Any CPU
		{CA86BEF5-B8CF-476D-BE94-842E69AFD35A}.Debug|Any CPU.Build.0 = Debug|Any CPU
		{CA86BEF5-B8CF-476D-BE94-842E69AFD35A}.Release|Any CPU.ActiveCfg = Release|Any CPU
		{CA86BEF5-B8CF-476D-BE94-842E69AFD35A}.Release|Any CPU.Build.0 = Release|Any CPU
	EndGlobalSection
	GlobalSection(SolutionProperties) = preSolution
		HideSolutionNode = FALSE
	EndGlobalSection
	GlobalSection(NestedProjects) = preSolution
		{68014843-8E9A-48ED-855B-EB41894D58BF} = {B6AA26D8-EBF9-48FD-BCB1-A370DD962B68}
		{FA3D14FE-B98F-42F9-8F35-D1943ACEA7B2} = {CA37D1FE-C447-4A38-B160-03AA1E581278}
		{CA86BEF5-B8CF-476D-BE94-842E69AFD35A} = {B99C68AB-9FEF-4D03-957B-B0F7C7D9E2CC}
	EndGlobalSection
	GlobalSection(ExtensibilityGlobals) = postSolution
		SolutionGuid = {89C0E50A-E850-4662-A62F-C9E125F12635}
	EndGlobalSection
EndGlobal
